// !$*UTF8*$!
{
	archiveVersion = 1;
	classes = {
	};
	objectVersion = 55;
	objects = {

/* Begin PBXBuildFile section */
		3B812A9D27B4A17000CD7DAB /* AppDelegate.swift in Sources */ = {isa = PBXBuildFile; fileRef = 3B812A9C27B4A17000CD7DAB /* AppDelegate.swift */; };
		3B812A9F27B4A17000CD7DAB /* SceneDelegate.swift in Sources */ = {isa = PBXBuildFile; fileRef = 3B812A9E27B4A17000CD7DAB /* SceneDelegate.swift */; };
		3B812AA427B4A17000CD7DAB /* Main.storyboard in Resources */ = {isa = PBXBuildFile; fileRef = 3B812AA227B4A17000CD7DAB /* Main.storyboard */; };
		3B812AA627B4A17400CD7DAB /* Assets.xcassets in Resources */ = {isa = PBXBuildFile; fileRef = 3B812AA527B4A17400CD7DAB /* Assets.xcassets */; };
		3B812AA927B4A17400CD7DAB /* LaunchScreen.storyboard in Resources */ = {isa = PBXBuildFile; fileRef = 3B812AA727B4A17400CD7DAB /* LaunchScreen.storyboard */; };
		3B812AB927B4A2D300CD7DAB /* Contact.swift in Sources */ = {isa = PBXBuildFile; fileRef = 3B812AB827B4A2D300CD7DAB /* Contact.swift */; };
		3B812ABB27B4A61000CD7DAB /* ContactsListTableViewController.swift in Sources */ = {isa = PBXBuildFile; fileRef = 3B812ABA27B4A61000CD7DAB /* ContactsListTableViewController.swift */; };
		3B812ABD27B4A64A00CD7DAB /* DetailsContactViewController.swift in Sources */ = {isa = PBXBuildFile; fileRef = 3B812ABC27B4A64A00CD7DAB /* DetailsContactViewController.swift */; };
		3B812AC227B4A8D500CD7DAB /* ContactController.swift in Sources */ = {isa = PBXBuildFile; fileRef = 3B812AC127B4A8D500CD7DAB /* ContactController.swift */; };
		3B812AC527B4B47800CD7DAB /* CloudKit.framework in Frameworks */ = {isa = PBXBuildFile; fileRef = 3B812AC427B4B47800CD7DAB /* CloudKit.framework */; };
/* End PBXBuildFile section */

/* Begin PBXFileReference section */
		3B812A9927B4A17000CD7DAB /* ContactsCloudKit.app */ = {isa = PBXFileReference; explicitFileType = wrapper.application; includeInIndex = 0; path = ContactsCloudKit.app; sourceTree = BUILT_PRODUCTS_DIR; };
		3B812A9C27B4A17000CD7DAB /* AppDelegate.swift */ = {isa = PBXFileReference; lastKnownFileType = sourcecode.swift; path = AppDelegate.swift; sourceTree = "<group>"; };
		3B812A9E27B4A17000CD7DAB /* SceneDelegate.swift */ = {isa = PBXFileReference; lastKnownFileType = sourcecode.swift; path = SceneDelegate.swift; sourceTree = "<group>"; };
		3B812AA327B4A17000CD7DAB /* Base */ = {isa = PBXFileReference; lastKnownFileType = file.storyboard; name = Base; path = Base.lproj/Main.storyboard; sourceTree = "<group>"; };
		3B812AA527B4A17400CD7DAB /* Assets.xcassets */ = {isa = PBXFileReference; lastKnownFileType = folder.assetcatalog; path = Assets.xcassets; sourceTree = "<group>"; };
		3B812AA827B4A17400CD7DAB /* Base */ = {isa = PBXFileReference; lastKnownFileType = file.storyboard; name = Base; path = Base.lproj/LaunchScreen.storyboard; sourceTree = "<group>"; };
		3B812AAA27B4A17400CD7DAB /* Info.plist */ = {isa = PBXFileReference; lastKnownFileType = text.plist.xml; path = Info.plist; sourceTree = "<group>"; };
		3B812AB027B4A19E00CD7DAB /* ContactsCloudKit.entitlements */ = {isa = PBXFileReference; lastKnownFileType = text.plist.entitlements; path = ContactsCloudKit.entitlements; sourceTree = "<group>"; };
		3B812AB827B4A2D300CD7DAB /* Contact.swift */ = {isa = PBXFileReference; lastKnownFileType = sourcecode.swift; path = Contact.swift; sourceTree = "<group>"; };
		3B812ABA27B4A61000CD7DAB /* ContactsListTableViewController.swift */ = {isa = PBXFileReference; lastKnownFileType = sourcecode.swift; path = ContactsListTableViewController.swift; sourceTree = "<group>"; };
		3B812ABC27B4A64A00CD7DAB /* DetailsContactViewController.swift */ = {isa = PBXFileReference; lastKnownFileType = sourcecode.swift; path = DetailsContactViewController.swift; sourceTree = "<group>"; };
		3B812AC127B4A8D500CD7DAB /* ContactController.swift */ = {isa = PBXFileReference; lastKnownFileType = sourcecode.swift; path = ContactController.swift; sourceTree = "<group>"; };
		3B812AC427B4B47800CD7DAB /* CloudKit.framework */ = {isa = PBXFileReference; lastKnownFileType = wrapper.framework; name = CloudKit.framework; path = System/Library/Frameworks/CloudKit.framework; sourceTree = SDKROOT; };
/* End PBXFileReference section */

/* Begin PBXFrameworksBuildPhase section */
		3B812A9627B4A17000CD7DAB /* Frameworks */ = {
			isa = PBXFrameworksBuildPhase;
			buildActionMask = 2147483647;
			files = (
				3B812AC527B4B47800CD7DAB /* CloudKit.framework in Frameworks */,
			);
			runOnlyForDeploymentPostprocessing = 0;
		};
/* End PBXFrameworksBuildPhase section */

/* Begin PBXGroup section */
		3B812A9027B4A17000CD7DAB = {
			isa = PBXGroup;
			children = (
				3B812A9B27B4A17000CD7DAB /* ContactsCloudKit */,
				3B812A9A27B4A17000CD7DAB /* Products */,
				3B812AC327B4B47800CD7DAB /* Frameworks */,
			);
			sourceTree = "<group>";
		};
		3B812A9A27B4A17000CD7DAB /* Products */ = {
			isa = PBXGroup;
			children = (
				3B812A9927B4A17000CD7DAB /* ContactsCloudKit.app */,
			);
			name = Products;
			sourceTree = "<group>";
		};
		3B812A9B27B4A17000CD7DAB /* ContactsCloudKit */ = {
			isa = PBXGroup;
			children = (
				3B812AB027B4A19E00CD7DAB /* ContactsCloudKit.entitlements */,
				3B812AB727B4A26600CD7DAB /* Models */,
				3B812AB427B4A23500CD7DAB /* Controllers */,
				3B812AB227B4A1E400CD7DAB /* Views */,
				3B812AB127B4A1CE00CD7DAB /* Resources */,
			);
			path = ContactsCloudKit;
			sourceTree = "<group>";
		};
		3B812AB127B4A1CE00CD7DAB /* Resources */ = {
			isa = PBXGroup;
			children = (
				3B812A9C27B4A17000CD7DAB /* AppDelegate.swift */,
				3B812A9E27B4A17000CD7DAB /* SceneDelegate.swift */,
				3B812AA527B4A17400CD7DAB /* Assets.xcassets */,
				3B812AAA27B4A17400CD7DAB /* Info.plist */,
			);
			path = Resources;
			sourceTree = "<group>";
		};
		3B812AB227B4A1E400CD7DAB /* Views */ = {
			isa = PBXGroup;
			children = (
				3B812AB327B4A1F400CD7DAB /* Storyboards */,
			);
			path = Views;
			sourceTree = "<group>";
		};
		3B812AB327B4A1F400CD7DAB /* Storyboards */ = {
			isa = PBXGroup;
			children = (
				3B812AA227B4A17000CD7DAB /* Main.storyboard */,
				3B812AA727B4A17400CD7DAB /* LaunchScreen.storyboard */,
			);
			path = Storyboards;
			sourceTree = "<group>";
		};
		3B812AB427B4A23500CD7DAB /* Controllers */ = {
			isa = PBXGroup;
			children = (
				3B812AB627B4A25300CD7DAB /* ModelControllers */,
				3B812AB527B4A24100CD7DAB /* ViewControllers */,
			);
			path = Controllers;
			sourceTree = "<group>";
		};
		3B812AB527B4A24100CD7DAB /* ViewControllers */ = {
			isa = PBXGroup;
			children = (
				3B812ABA27B4A61000CD7DAB /* ContactsListTableViewController.swift */,
				3B812ABC27B4A64A00CD7DAB /* DetailsContactViewController.swift */,
			);
			path = ViewControllers;
			sourceTree = "<group>";
		};
		3B812AB627B4A25300CD7DAB /* ModelControllers */ = {
			isa = PBXGroup;
			children = (
				3B812AC127B4A8D500CD7DAB /* ContactController.swift */,
			);
			path = ModelControllers;
			sourceTree = "<group>";
		};
		3B812AB727B4A26600CD7DAB /* Models */ = {
			isa = PBXGroup;
			children = (
				3B812AB827B4A2D300CD7DAB /* Contact.swift */,
			);
			path = Models;
			sourceTree = "<group>";
		};
		3B812AC327B4B47800CD7DAB /* Frameworks */ = {
			isa = PBXGroup;
			children = (
				3B812AC427B4B47800CD7DAB /* CloudKit.framework */,
			);
			name = Frameworks;
			sourceTree = "<group>";
		};
/* End PBXGroup section */

/* Begin PBXNativeTarget section */
		3B812A9827B4A17000CD7DAB /* ContactsCloudKit */ = {
			isa = PBXNativeTarget;
			buildConfigurationList = 3B812AAD27B4A17400CD7DAB /* Build configuration list for PBXNativeTarget "ContactsCloudKit" */;
			buildPhases = (
				3B812A9527B4A17000CD7DAB /* Sources */,
				3B812A9627B4A17000CD7DAB /* Frameworks */,
				3B812A9727B4A17000CD7DAB /* Resources */,
			);
			buildRules = (
			);
			dependencies = (
			);
			name = ContactsCloudKit;
			productName = ContactsCloudKit;
			productReference = 3B812A9927B4A17000CD7DAB /* ContactsCloudKit.app */;
			productType = "com.apple.product-type.application";
		};
/* End PBXNativeTarget section */

/* Begin PBXProject section */
		3B812A9127B4A17000CD7DAB /* Project object */ = {
			isa = PBXProject;
			attributes = {
				BuildIndependentTargetsInParallel = 1;
				LastSwiftUpdateCheck = 1320;
				LastUpgradeCheck = 1320;
				TargetAttributes = {
					3B812A9827B4A17000CD7DAB = {
						CreatedOnToolsVersion = 13.2.1;
					};
				};
			};
			buildConfigurationList = 3B812A9427B4A17000CD7DAB /* Build configuration list for PBXProject "ContactsCloudKit" */;
			compatibilityVersion = "Xcode 13.0";
			developmentRegion = en;
			hasScannedForEncodings = 0;
			knownRegions = (
				en,
				Base,
			);
			mainGroup = 3B812A9027B4A17000CD7DAB;
			productRefGroup = 3B812A9A27B4A17000CD7DAB /* Products */;
			projectDirPath = "";
			projectRoot = "";
			targets = (
				3B812A9827B4A17000CD7DAB /* ContactsCloudKit */,
			);
		};
/* End PBXProject section */

/* Begin PBXResourcesBuildPhase section */
		3B812A9727B4A17000CD7DAB /* Resources */ = {
			isa = PBXResourcesBuildPhase;
			buildActionMask = 2147483647;
			files = (
				3B812AA927B4A17400CD7DAB /* LaunchScreen.storyboard in Resources */,
				3B812AA627B4A17400CD7DAB /* Assets.xcassets in Resources */,
				3B812AA427B4A17000CD7DAB /* Main.storyboard in Resources */,
			);
			runOnlyForDeploymentPostprocessing = 0;
		};
/* End PBXResourcesBuildPhase section */

/* Begin PBXSourcesBuildPhase section */
		3B812A9527B4A17000CD7DAB /* Sources */ = {
			isa = PBXSourcesBuildPhase;
			buildActionMask = 2147483647;
			files = (
				3B812AB927B4A2D300CD7DAB /* Contact.swift in Sources */,
				3B812A9D27B4A17000CD7DAB /* AppDelegate.swift in Sources */,
				3B812AC227B4A8D500CD7DAB /* ContactController.swift in Sources */,
				3B812ABB27B4A61000CD7DAB /* ContactsListTableViewController.swift in Sources */,
				3B812A9F27B4A17000CD7DAB /* SceneDelegate.swift in Sources */,
				3B812ABD27B4A64A00CD7DAB /* DetailsContactViewController.swift in Sources */,
			);
			runOnlyForDeploymentPostprocessing = 0;
		};
/* End PBXSourcesBuildPhase section */

/* Begin PBXVariantGroup section */
		3B812AA227B4A17000CD7DAB /* Main.storyboard */ = {
			isa = PBXVariantGroup;
			children = (
				3B812AA327B4A17000CD7DAB /* Base */,
			);
			name = Main.storyboard;
			sourceTree = "<group>";
		};
		3B812AA727B4A17400CD7DAB /* LaunchScreen.storyboard */ = {
			isa = PBXVariantGroup;
			children = (
				3B812AA827B4A17400CD7DAB /* Base */,
			);
			name = LaunchScreen.storyboard;
			sourceTree = "<group>";
		};
/* End PBXVariantGroup section */

/* Begin XCBuildConfiguration section */
		3B812AAB27B4A17400CD7DAB /* Debug */ = {
			isa = XCBuildConfiguration;
			buildSettings = {
				ALWAYS_SEARCH_USER_PATHS = NO;
				CLANG_ANALYZER_NONNULL = YES;
				CLANG_ANALYZER_NUMBER_OBJECT_CONVERSION = YES_AGGRESSIVE;
				CLANG_CXX_LANGUAGE_STANDARD = "gnu++17";
				CLANG_CXX_LIBRARY = "libc++";
				CLANG_ENABLE_MODULES = YES;
				CLANG_ENABLE_OBJC_ARC = YES;
				CLANG_ENABLE_OBJC_WEAK = YES;
				CLANG_WARN_BLOCK_CAPTURE_AUTORELEASING = YES;
				CLANG_WARN_BOOL_CONVERSION = YES;
				CLANG_WARN_COMMA = YES;
				CLANG_WARN_CONSTANT_CONVERSION = YES;
				CLANG_WARN_DEPRECATED_OBJC_IMPLEMENTATIONS = YES;
				CLANG_WARN_DIRECT_OBJC_ISA_USAGE = YES_ERROR;
				CLANG_WARN_DOCUMENTATION_COMMENTS = YES;
				CLANG_WARN_EMPTY_BODY = YES;
				CLANG_WARN_ENUM_CONVERSION = YES;
				CLANG_WARN_INFINITE_RECURSION = YES;
				CLANG_WARN_INT_CONVERSION = YES;
				CLANG_WARN_NON_LITERAL_NULL_CONVERSION = YES;
				CLANG_WARN_OBJC_IMPLICIT_RETAIN_SELF = YES;
				CLANG_WARN_OBJC_LITERAL_CONVERSION = YES;
				CLANG_WARN_OBJC_ROOT_CLASS = YES_ERROR;
				CLANG_WARN_QUOTED_INCLUDE_IN_FRAMEWORK_HEADER = YES;
				CLANG_WARN_RANGE_LOOP_ANALYSIS = YES;
				CLANG_WARN_STRICT_PROTOTYPES = YES;
				CLANG_WARN_SUSPICIOUS_MOVE = YES;
				CLANG_WARN_UNGUARDED_AVAILABILITY = YES_AGGRESSIVE;
				CLANG_WARN_UNREACHABLE_CODE = YES;
				CLANG_WARN__DUPLICATE_METHOD_MATCH = YES;
				COPY_PHASE_STRIP = NO;
				DEBUG_INFORMATION_FORMAT = dwarf;
				ENABLE_STRICT_OBJC_MSGSEND = YES;
				ENABLE_TESTABILITY = YES;
				GCC_C_LANGUAGE_STANDARD = gnu11;
				GCC_DYNAMIC_NO_PIC = NO;
				GCC_NO_COMMON_BLOCKS = YES;
				GCC_OPTIMIZATION_LEVEL = 0;
				GCC_PREPROCESSOR_DEFINITIONS = (
					"DEBUG=1",
					"$(inherited)",
				);
				GCC_WARN_64_TO_32_BIT_CONVERSION = YES;
				GCC_WARN_ABOUT_RETURN_TYPE = YES_ERROR;
				GCC_WARN_UNDECLARED_SELECTOR = YES;
				GCC_WARN_UNINITIALIZED_AUTOS = YES_AGGRESSIVE;
				GCC_WARN_UNUSED_FUNCTION = YES;
				GCC_WARN_UNUSED_VARIABLE = YES;
				IPHONEOS_DEPLOYMENT_TARGET = 15.2;
				MTL_ENABLE_DEBUG_INFO = INCLUDE_SOURCE;
				MTL_FAST_MATH = YES;
				ONLY_ACTIVE_ARCH = YES;
				SDKROOT = iphoneos;
				SWIFT_ACTIVE_COMPILATION_CONDITIONS = DEBUG;
				SWIFT_OPTIMIZATION_LEVEL = "-Onone";
			};
			name = Debug;
		};
		3B812AAC27B4A17400CD7DAB /* Release */ = {
			isa = XCBuildConfiguration;
			buildSettings = {
				ALWAYS_SEARCH_USER_PATHS = NO;
				CLANG_ANALYZER_NONNULL = YES;
				CLANG_ANALYZER_NUMBER_OBJECT_CONVERSION = YES_AGGRESSIVE;
				CLANG_CXX_LANGUAGE_STANDARD = "gnu++17";
				CLANG_CXX_LIBRARY = "libc++";
				CLANG_ENABLE_MODULES = YES;
				CLANG_ENABLE_OBJC_ARC = YES;
				CLANG_ENABLE_OBJC_WEAK = YES;
				CLANG_WARN_BLOCK_CAPTURE_AUTORELEASING = YES;
				CLANG_WARN_BOOL_CONVERSION = YES;
				CLANG_WARN_COMMA = YES;
				CLANG_WARN_CONSTANT_CONVERSION = YES;
				CLANG_WARN_DEPRECATED_OBJC_IMPLEMENTATIONS = YES;
				CLANG_WARN_DIRECT_OBJC_ISA_USAGE = YES_ERROR;
				CLANG_WARN_DOCUMENTATION_COMMENTS = YES;
				CLANG_WARN_EMPTY_BODY = YES;
				CLANG_WARN_ENUM_CONVERSION = YES;
				CLANG_WARN_INFINITE_RECURSION = YES;
				CLANG_WARN_INT_CONVERSION = YES;
				CLANG_WARN_NON_LITERAL_NULL_CONVERSION = YES;
				CLANG_WARN_OBJC_IMPLICIT_RETAIN_SELF = YES;
				CLANG_WARN_OBJC_LITERAL_CONVERSION = YES;
				CLANG_WARN_OBJC_ROOT_CLASS = YES_ERROR;
				CLANG_WARN_QUOTED_INCLUDE_IN_FRAMEWORK_HEADER = YES;
				CLANG_WARN_RANGE_LOOP_ANALYSIS = YES;
				CLANG_WARN_STRICT_PROTOTYPES = YES;
				CLANG_WARN_SUSPICIOUS_MOVE = YES;
				CLANG_WARN_UNGUARDED_AVAILABILITY = YES_AGGRESSIVE;
				CLANG_WARN_UNREACHABLE_CODE = YES;
				CLANG_WARN__DUPLICATE_METHOD_MATCH = YES;
				COPY_PHASE_STRIP = NO;
				DEBUG_INFORMATION_FORMAT = "dwarf-with-dsym";
				ENABLE_NS_ASSERTIONS = NO;
				ENABLE_STRICT_OBJC_MSGSEND = YES;
				GCC_C_LANGUAGE_STANDARD = gnu11;
				GCC_NO_COMMON_BLOCKS = YES;
				GCC_WARN_64_TO_32_BIT_CONVERSION = YES;
				GCC_WARN_ABOUT_RETURN_TYPE = YES_ERROR;
				GCC_WARN_UNDECLARED_SELECTOR = YES;
				GCC_WARN_UNINITIALIZED_AUTOS = YES_AGGRESSIVE;
				GCC_WARN_UNUSED_FUNCTION = YES;
				GCC_WARN_UNUSED_VARIABLE = YES;
				IPHONEOS_DEPLOYMENT_TARGET = 15.2;
				MTL_ENABLE_DEBUG_INFO = NO;
				MTL_FAST_MATH = YES;
				SDKROOT = iphoneos;
				SWIFT_COMPILATION_MODE = wholemodule;
				SWIFT_OPTIMIZATION_LEVEL = "-O";
				VALIDATE_PRODUCT = YES;
			};
			name = Release;
		};
		3B812AAE27B4A17400CD7DAB /* Debug */ = {
			isa = XCBuildConfiguration;
			buildSettings = {
				ASSETCATALOG_COMPILER_APPICON_NAME = AppIcon;
				ASSETCATALOG_COMPILER_GLOBAL_ACCENT_COLOR_NAME = AccentColor;
				CODE_SIGN_ENTITLEMENTS = ContactsCloudKit/ContactsCloudKit.entitlements;
				CODE_SIGN_STYLE = Automatic;
				CURRENT_PROJECT_VERSION = 1;
				DEVELOPMENT_TEAM = G3VP62JDQQ;
				GENERATE_INFOPLIST_FILE = YES;
				INFOPLIST_FILE = ContactsCloudKit/Resources/Info.plist;
				INFOPLIST_KEY_UIApplicationSupportsIndirectInputEvents = YES;
				INFOPLIST_KEY_UILaunchStoryboardName = LaunchScreen;
				INFOPLIST_KEY_UIMainStoryboardFile = Main;
				INFOPLIST_KEY_UISupportedInterfaceOrientations_iPad = "UIInterfaceOrientationPortrait UIInterfaceOrientationPortraitUpsideDown UIInterfaceOrientationLandscapeLeft UIInterfaceOrientationLandscapeRight";
				INFOPLIST_KEY_UISupportedInterfaceOrientations_iPhone = "UIInterfaceOrientationPortrait UIInterfaceOrientationLandscapeLeft UIInterfaceOrientationLandscapeRight";
				LD_RUNPATH_SEARCH_PATHS = (
					"$(inherited)",
					"@executable_path/Frameworks",
				);
				MARKETING_VERSION = 1.0;
				PRODUCT_BUNDLE_IDENTIFIER = "com.mitya-kim.ContactsCloudKit";
				PRODUCT_NAME = "$(TARGET_NAME)";
				SWIFT_EMIT_LOC_STRINGS = YES;
				SWIFT_VERSION = 5.0;
				TARGETED_DEVICE_FAMILY = 1;
			};
			name = Debug;
		};
		3B812AAF27B4A17400CD7DAB /* Release */ = {
			isa = XCBuildConfiguration;
			buildSettings = {
				ASSETCATALOG_COMPILER_APPICON_NAME = AppIcon;
				ASSETCATALOG_COMPILER_GLOBAL_ACCENT_COLOR_NAME = AccentColor;
				CODE_SIGN_ENTITLEMENTS = ContactsCloudKit/ContactsCloudKit.entitlements;
				CODE_SIGN_STYLE = Automatic;
				CURRENT_PROJECT_VERSION = 1;
				DEVELOPMENT_TEAM = G3VP62JDQQ;
				GENERATE_INFOPLIST_FILE = YES;
				INFOPLIST_FILE = ContactsCloudKit/Resources/Info.plist;
				INFOPLIST_KEY_UIApplicationSupportsIndirectInputEvents = YES;
				INFOPLIST_KEY_UILaunchStoryboardName = LaunchScreen;
				INFOPLIST_KEY_UIMainStoryboardFile = Main;
				INFOPLIST_KEY_UISupportedInterfaceOrientations_iPad = "UIInterfaceOrientationPortrait UIInterfaceOrientationPortraitUpsideDown UIInterfaceOrientationLandscapeLeft UIInterfaceOrientationLandscapeRight";
				INFOPLIST_KEY_UISupportedInterfaceOrientations_iPhone = "UIInterfaceOrientationPortrait UIInterfaceOrientationLandscapeLeft UIInterfaceOrientationLandscapeRight";
				LD_RUNPATH_SEARCH_PATHS = (
					"$(inherited)",
					"@executable_path/Frameworks",
				);
				MARKETING_VERSION = 1.0;
				PRODUCT_BUNDLE_IDENTIFIER = "com.mitya-kim.ContactsCloudKit";
				PRODUCT_NAME = "$(TARGET_NAME)";
				SWIFT_EMIT_LOC_STRINGS = YES;
				SWIFT_VERSION = 5.0;
				TARGETED_DEVICE_FAMILY = 1;
			};
			name = Release;
		};
/* End XCBuildConfiguration section */

/* Begin XCConfigurationList section */
		3B812A9427B4A17000CD7DAB /* Build configuration list for PBXProject "ContactsCloudKit" */ = {
			isa = XCConfigurationList;
			buildConfigurations = (
				3B812AAB27B4A17400CD7DAB /* Debug */,
				3B812AAC27B4A17400CD7DAB /* Release */,
			);
			defaultConfigurationIsVisible = 0;
			defaultConfigurationName = Release;
		};
		3B812AAD27B4A17400CD7DAB /* Build configuration list for PBXNativeTarget "ContactsCloudKit" */ = {
			isa = XCConfigurationList;
			buildConfigurations = (
				3B812AAE27B4A17400CD7DAB /* Debug */,
				3B812AAF27B4A17400CD7DAB /* Release */,
			);
			defaultConfigurationIsVisible = 0;
			defaultConfigurationName = Release;
		};
/* End XCConfigurationList section */
	};
	rootObject = 3B812A9127B4A17000CD7DAB /* Project object */;
}
